
Microsoft Visual Studio Solution File, Format Version 12.00
# Visual Studio Version 16
VisualStudioVersion = 16.0.30011.22
MinimumVisualStudioVersion = 10.0.40219.1
Project("{FAE04EC0-301F-11D3-BF4B-00C04F79EFBC}") = "TemplatePattern", "TemplatePattern\TemplatePattern.csproj", "{DB809E6E-21A3-44FC-AAF4-CF0038BA8793}"
EndProject
Global
	GlobalSection(SolutionConfigurationPlatforms) = preSolution
		Debug|Any CPU = Debug|Any CPU
		Release|Any CPU = Release|Any CPU
	EndGlobalSection
	GlobalSection(ProjectConfigurationPlatforms) = postSolution
		{DB809E6E-21A3-44FC-AAF4-CF0038BA8793}.Debug|Any CPU.ActiveCfg = Debug|Any CPU
		{DB809E6E-21A3-44FC-AAF4-CF0038BA8793}.Debug|Any CPU.Build.0 = Debug|Any CPU
		{DB809E6E-21A3-44FC-AAF4-CF0038BA8793}.Release|Any CPU.ActiveCfg = Release|Any CPU
		{DB809E6E-21A3-44FC-AAF4-CF0038BA8793}.Release|Any CPU.Build.0 = Release|Any CPU
	EndGlobalSection
	GlobalSection(SolutionProperties) = preSolution
		HideSolutionNode = FALSE
	EndGlobalSection
	GlobalSection(ExtensibilityGlobals) = postSolution
		SolutionGuid = {0C79E58D-3247-416A-8AF2-3490CE03530F}
	EndGlobalSection
EndGlobal
